{
  "requires": true,
  "lockfileVersion": 1,
  "dependencies": {
    "@fortawesome/fontawesome-free": {
      "version": "5.15.2",
      "resolved": "https://registry.npmjs.org/@fortawesome/fontawesome-free/-/fontawesome-free-5.15.2.tgz",
      "integrity": "sha512-7l/AX41m609L/EXI9EKH3Vs3v0iA8tKlIOGtw+kgcoanI7p+e4I4GYLqW3UXWiTnjSFymKSmTTPKYrivzbxxqA=="
    },
    "@fortawesome/vue-fontawesome": {
      "version": "3.0.0-3",
      "resolved": "https://registry.npmjs.org/@fortawesome/vue-fontawesome/-/vue-fontawesome-3.0.0-3.tgz",
      "integrity": "sha512-fCM7+R9M7Y/ipKC5n9hukGpJHhe53JOENGqtku/KWtpXsnbGik3AS5zfJYEupV2uXOw/5S0RSSfttQ2hNIrmFA=="
    }
  }
}
